
Microsoft Visual Studio Solution File, Format Version 12.00
# Visual Studio Version 17
VisualStudioVersion = 17.4.33213.308
MinimumVisualStudioVersion = 10.0.40219.1
Project("{FAE04EC0-301F-11D3-BF4B-00C04F79EFBC}") = "modul5_1302213133", "modul5_1302213133.csproj", "{B9B444CF-FB2A-40F0-A95D-BA37FF7E8623}"
EndProject
Global
	GlobalSection(SolutionConfigurationPlatforms) = preSolution
		Debug|Any CPU = Debug|Any CPU
		Release|Any CPU = Release|Any CPU
	EndGlobalSection
	GlobalSection(ProjectConfigurationPlatforms) = postSolution
		{B9B444CF-FB2A-40F0-A95D-BA37FF7E8623}.Debug|Any CPU.ActiveCfg = Debug|Any CPU
		{B9B444CF-FB2A-40F0-A95D-BA37FF7E8623}.Debug|Any CPU.Build.0 = Debug|Any CPU
		{B9B444CF-FB2A-40F0-A95D-BA37FF7E8623}.Release|Any CPU.ActiveCfg = Release|Any CPU
		{B9B444CF-FB2A-40F0-A95D-BA37FF7E8623}.Release|Any CPU.Build.0 = Release|Any CPU
	EndGlobalSection
	GlobalSection(SolutionProperties) = preSolution
		HideSolutionNode = FALSE
	EndGlobalSection
	GlobalSection(ExtensibilityGlobals) = postSolution
		SolutionGuid = {FC47CB4A-6D5E-450D-A461-F99EA7712177}
	EndGlobalSection
EndGlobal
